
Microsoft Visual Studio Solution File, Format Version 12.00
# Visual Studio Version 17
VisualStudioVersion = 17.3.32929.385
MinimumVisualStudioVersion = 10.0.40219.1
Project("{9A19103F-16F7-4668-BE54-9A1E7A4F7556}") = "NetCore_IntroMvvm", "NetCore_IntroMvvm\NetCore_IntroMvvm.csproj", "{AE2D9EBE-009D-4D04-9EB6-45D54F9F9C2E}"
EndProject
Project("{9A19103F-16F7-4668-BE54-9A1E7A4F7556}") = "ViewModels", "ViewModels\ViewModels.csproj", "{8640255F-94B9-4AE2-B9A2-36E74EF6594A}"
EndProject
Project("{FAE04EC0-301F-11D3-BF4B-00C04F79EFBC}") = "Tools", "Tools\Tools.csproj", "{F4AEF921-0D05-48EB-B9D4-421900C65BD6}"
EndProject
Global
	GlobalSection(SolutionConfigurationPlatforms) = preSolution
		Debug|Any CPU = Debug|Any CPU
		Release|Any CPU = Release|Any CPU
	EndGlobalSection
	GlobalSection(ProjectConfigurationPlatforms) = postSolution
		{AE2D9EBE-009D-4D04-9EB6-45D54F9F9C2E}.Debug|Any CPU.ActiveCfg = Debug|Any CPU
		{AE2D9EBE-009D-4D04-9EB6-45D54F9F9C2E}.Debug|Any CPU.Build.0 = Debug|Any CPU
		{AE2D9EBE-009D-4D04-9EB6-45D54F9F9C2E}.Release|Any CPU.ActiveCfg = Release|Any CPU
		{AE2D9EBE-009D-4D04-9EB6-45D54F9F9C2E}.Release|Any CPU.Build.0 = Release|Any CPU
		{8640255F-94B9-4AE2-B9A2-36E74EF6594A}.Debug|Any CPU.ActiveCfg = Debug|Any CPU
		{8640255F-94B9-4AE2-B9A2-36E74EF6594A}.Debug|Any CPU.Build.0 = Debug|Any CPU
		{8640255F-94B9-4AE2-B9A2-36E74EF6594A}.Release|Any CPU.ActiveCfg = Release|Any CPU
		{8640255F-94B9-4AE2-B9A2-36E74EF6594A}.Release|Any CPU.Build.0 = Release|Any CPU
		{F4AEF921-0D05-48EB-B9D4-421900C65BD6}.Debug|Any CPU.ActiveCfg = Debug|Any CPU
		{F4AEF921-0D05-48EB-B9D4-421900C65BD6}.Debug|Any CPU.Build.0 = Debug|Any CPU
		{F4AEF921-0D05-48EB-B9D4-421900C65BD6}.Release|Any CPU.ActiveCfg = Release|Any CPU
		{F4AEF921-0D05-48EB-B9D4-421900C65BD6}.Release|Any CPU.Build.0 = Release|Any CPU
	EndGlobalSection
	GlobalSection(SolutionProperties) = preSolution
		HideSolutionNode = FALSE
	EndGlobalSection
	GlobalSection(ExtensibilityGlobals) = postSolution
		SolutionGuid = {2E49355C-4614-4815-BE69-18180C4F3683}
	EndGlobalSection
EndGlobal
